
Microsoft Visual Studio Solution File, Format Version 12.00
# Visual Studio Version 16
VisualStudioVersion = 16.0.32901.82
MinimumVisualStudioVersion = 10.0.40219.1
Project("{FAE04EC0-301F-11D3-BF4B-00C04F79EFBC}") = "WpfApp18", "WpfApp18.csproj", "{24351E78-BC7A-47BF-8631-9B1FC8A99A6B}"
EndProject
Project("{FAE04EC0-301F-11D3-BF4B-00C04F79EFBC}") = "System_prog", "..\System_prog\System_prog.csproj", "{1ED19BB3-6253-427C-BE3D-524A8F2D1A57}"
EndProject
Global
	GlobalSection(SolutionConfigurationPlatforms) = preSolution
		Debug|Any CPU = Debug|Any CPU
		Release|Any CPU = Release|Any CPU
	EndGlobalSection
	GlobalSection(ProjectConfigurationPlatforms) = postSolution
		{24351E78-BC7A-47BF-8631-9B1FC8A99A6B}.Debug|Any CPU.ActiveCfg = Debug|Any CPU
		{24351E78-BC7A-47BF-8631-9B1FC8A99A6B}.Debug|Any CPU.Build.0 = Debug|Any CPU
		{24351E78-BC7A-47BF-8631-9B1FC8A99A6B}.Release|Any CPU.ActiveCfg = Release|Any CPU
		{24351E78-BC7A-47BF-8631-9B1FC8A99A6B}.Release|Any CPU.Build.0 = Release|Any CPU
		{1ED19BB3-6253-427C-BE3D-524A8F2D1A57}.Debug|Any CPU.ActiveCfg = Debug|Any CPU
		{1ED19BB3-6253-427C-BE3D-524A8F2D1A57}.Debug|Any CPU.Build.0 = Debug|Any CPU
		{1ED19BB3-6253-427C-BE3D-524A8F2D1A57}.Release|Any CPU.ActiveCfg = Release|Any CPU
		{1ED19BB3-6253-427C-BE3D-524A8F2D1A57}.Release|Any CPU.Build.0 = Release|Any CPU
	EndGlobalSection
	GlobalSection(SolutionProperties) = preSolution
		HideSolutionNode = FALSE
	EndGlobalSection
	GlobalSection(ExtensibilityGlobals) = postSolution
		SolutionGuid = {E273D9D0-1AB6-494E-9BF8-DCB66A8F6640}
	EndGlobalSection
EndGlobal
